<?xml version="1.0" encoding="utf-8"?>
<Project ToolsVersion="4.0" xmlns="http://schemas.microsoft.com/developer/msbuild/2003">
  <ItemGroup>
    <Filter Include="Source Files">
      <UniqueIdentifier>{4FC737F1-C7A5-4376-A066-2A32D752A2FF}</UniqueIdentifier>
      <Extensions>cpp;c;cc;cxx;def;odl;idl;hpj;bat;asm;asmx</Extensions>
    </Filter>
    <Filter Include="Header Files">
      <UniqueIdentifier>{93995380-89BD-4b04-88EB-625FBE52EBFB}</UniqueIdentifier>
      <Extensions>h;hh;hpp;hxx;hm;inl;inc;ipp;xsd</Extensions>
    </Filter>
    <Filter Include="Resource Files">
      <UniqueIdentifier>{67DA6AB6-F800-4c08-8B7A-83BB121AAD01}</UniqueIdentifier>
      <Extensions>rc;ico;cur;bmp;dlg;rc2;rct;bin;rgs;gif;jpg;jpeg;jpe;resx;tiff;tif;png;wav;mfcribbon-ms</Extensions>
    </Filter>
    <Filter Include="Header Files\View">
      <UniqueIdentifier>{2a2d9ed4-f2a9-48d4-982c-4f3f1444d77a}</UniqueIdentifier>
    </Filter>
    <Filter Include="Header Files\Util">
      <UniqueIdentifier>{dfee470d-0001-4270-b438-fea8357a21cf}</UniqueIdentifier>
    </Filter>
    <Filter Include="Header Files\Model">
      <UniqueIdentifier>{d9ca952f-9474-4176-81ed-6c3b7b6e3f6c}</UniqueIdentifier>
    </Filter>
    <Filter Include="Source Files\Model">
      <UniqueIdentifier>{9d58a60e-e3da-4155-8cfc-66d842937bcd}</UniqueIdentifier>
    </Filter>
    <Filter Include="Header Files\Controller">
      <UniqueIdentifier>{95db0fb5-9a81-4f9e-8283-08bee15f7a13}</UniqueIdentifier>
    </Filter>
    <Filter Include="Source Files\Util">
      <UniqueIdentifier>{3f06e783-49b9-4339-b3b6-ba65cae4182b}</UniqueIdentifier>
    </Filter>
    <Filter Include="Source Files\Controller">
      <UniqueIdentifier>{49b63160-beff-4508-b743-2f6cfe2ea76f}</UniqueIdentifier>
    </Filter>
    <Filter Include="Source Files\View">
      <UniqueIdentifier>{a936d5d2-c5bc-408e-bd32-963d16a53df7}</UniqueIdentifier>
    </Filter>
  </ItemGroup>
  <ItemGroup>
    <ClCompile Include="main.cpp">
      <Filter>Source Files</Filter>
    </ClCompile>
    <ClCompile Include="src\controller\PathFinder.cpp">
      <Filter>Source Files\Controller</Filter>
    </ClCompile>
    <ClCompile Include="src\model\Map.cpp">
      <Filter>Source Files\Model</Filter>
    </ClCompile>
    <ClCompile Include="src\util\DrawUtil.cpp">
      <Filter>Source Files\Util</Filter>
    </ClCompile>
    <ClCompile Include="src\view\MapView.cpp">
      <Filter>Source Files\View</Filter>
    </ClCompile>
    <ClCompile Include="src\view\ViewController.cpp">
      <Filter>Source Files\View</Filter>
    </ClCompile>
  </ItemGroup>
  <ItemGroup>
    <ClInclude Include="include\controller\PathFinder.h">
      <Filter>Header Files\Controller</Filter>
    </ClInclude>
    <ClInclude Include="include\model\Map.h">
      <Filter>Header Files\Model</Filter>
    </ClInclude>
    <ClInclude Include="include\model\MapData.h">
      <Filter>Header Files\Model</Filter>
    </ClInclude>
    <ClInclude Include="include\model\Node.h">
      <Filter>Header Files\Model</Filter>
    </ClInclude>
    <ClInclude Include="include\util\DrawUtil.h">
      <Filter>Header Files\Util</Filter>
    </ClInclude>
    <ClInclude Include="include\view\AbstractView.h">
      <Filter>Header Files\View</Filter>
    </ClInclude>
    <ClInclude Include="include\view\MapView.h">
      <Filter>Header Files\View</Filter>
    </ClInclude>
    <ClInclude Include="include\view\View.h">
      <Filter>Header Files\View</Filter>
    </ClInclude>
    <ClInclude Include="include\view\ViewController.h">
      <Filter>Header Files\View</Filter>
    </ClInclude>
  </ItemGroup>
  <ItemGroup>
    <Image Include="blocks.bmp">
      <Filter>Resource Files</Filter>
    </Image>
  </ItemGroup>
</Project>